
Microsoft Visual Studio Solution File, Format Version 12.00
# Visual Studio Version 17
VisualStudioVersion = 17.0.32126.317
MinimumVisualStudioVersion = 10.0.40219.1
Project("{FAE04EC0-301F-11D3-BF4B-00C04F79EFBC}") = "freq de num", "freq de num\freq de num.csproj", "{B04E2730-8BEA-4192-A47F-AA92A4923A67}"
EndProject
Global
	GlobalSection(SolutionConfigurationPlatforms) = preSolution
		Debug|Any CPU = Debug|Any CPU
		Release|Any CPU = Release|Any CPU
	EndGlobalSection
	GlobalSection(ProjectConfigurationPlatforms) = postSolution
		{B04E2730-8BEA-4192-A47F-AA92A4923A67}.Debug|Any CPU.ActiveCfg = Debug|Any CPU
		{B04E2730-8BEA-4192-A47F-AA92A4923A67}.Debug|Any CPU.Build.0 = Debug|Any CPU
		{B04E2730-8BEA-4192-A47F-AA92A4923A67}.Release|Any CPU.ActiveCfg = Release|Any CPU
		{B04E2730-8BEA-4192-A47F-AA92A4923A67}.Release|Any CPU.Build.0 = Release|Any CPU
	EndGlobalSection
	GlobalSection(SolutionProperties) = preSolution
		HideSolutionNode = FALSE
	EndGlobalSection
	GlobalSection(ExtensibilityGlobals) = postSolution
		SolutionGuid = {252A5CDB-E696-4036-886F-69AE5200D05C}
	EndGlobalSection
EndGlobal
